description: >
  This command is the execution portion to determine that only a single global workflow is running at a point in time.

parameters:
  debug:
    type: boolean
    default: false
    description: "If enabled, DEBUG messages will be logged."
  time:
    type: string
    default: "10"
    description: "Minutes to wait before giving up."
  dont-quit:
    type: boolean
    default: false
    description: "Force job through once time expires instead of failing."
  only-on-branch:
    type: string
    default: "*"
    description: "Only queue on specified branch"
  confidence:
    type: string
    default: "1"
    description: >
      Due to concurrency issues, how many times should we requery the pipeline list to ensure previous jobs are "pending",
      but not yet active. This number indicates the threshold for API returning no previous pending pipelines.
      Default is one confirmation, increase if you see issues.
  include-on-hold:
    type: boolean
    default: false
    description: Consider on-hold workflows waiting for approval as running and include them in the queue.

steps:
  - run:
      name: Block execution until the current workflow is at the front of the line
      environment:
        CONFIG_DEBUG_ENABLED: "<< parameters.debug >>"
        CONFIG_TIME: "<< parameters.time >>"
        CONFIG_DONT_QUIT: "<< parameters.dont-quit >>"
        CONFIG_ONLY_ON_BRANCH: "<< parameters.only-on-branch >>"
        CONFIG_CONFIDENCE: "<< parameters.confidence >>"
        CONFIG_INCLUDE_ON_HOLD: " << parameters.include-on-hold >>"
      command: <<include(scripts/global-queue.sh)>>
