description: >
  This command blocks execution of a workflow within the context of a given pipeline until all other
  workflows in the same pipeline have completed.
  NOTE: apply this to exactly one workflow per pipeline. If two workflows in the same pipeline both block,
  each waits for the other and they deadlock until `time` expires (or indefinitely, since the default
  `time` is 0). There is no ordering/tiebreaker here — for cross-pipeline ordering use `global_queue`.

parameters:
  debug:
    type: boolean
    default: false
    description: "When enabled, additional debug logging with be output."
  confidence:
    type: string
    default: "1"
    description: >
      Due to concurrency issues, the number of times should we requery the pipeline list to ensure previous jobs are "pending",
      but not yet active. This number indicates the threshold for API returning no previous pending pipelines.
      Default is `1` confirmation, increase if you see issues.
  time:
    type: string
    default: "0"
    description: "Number of minutes to wait before timing out. 0 means wait indefinitely (default)."
  dont_quit:
    type: boolean
    default: false
    description: "If true, forces the job through once time expires instead of failing. Only applies when time > 0."

steps:
  - run:
      name: Blocking execution until the current workflow is the last to run in the given pipeline.
      shell: /bin/bash -eo pipefail
      environment:
        CONFIG_DEBUG_ENABLED: "<< parameters.debug >>"
        CONFIG_CONFIDENCE: "<< parameters.confidence >>"
        CONFIG_TIME: "<< parameters.time >>"
        CONFIG_DONT_QUIT: "<< parameters.dont_quit >>"
      command: <<include(scripts/pipeline_queue.sh)>>
